# This file is automatically @generated by Cargo.
# It is not intended for manual editing.
version = 3

[[package]]
name = "animatedindicator"
version = "0.1.0"

[[package]]
name = "batteryindicator"
version = "0.1.0"

[[package]]
name = "bitflags"
version = "0.3.3"
source = "registry+https://github.com/rust-lang/crates.io-index"
checksum = "32866f4d103c4e438b1db1158aa1b1a80ee078e5d77a59a2f906fd62a577389c"

[[package]]
name = "bitflags"
version = "0.4.0"
source = "registry+https://github.com/rust-lang/crates.io-index"
checksum = "8dead7461c1127cf637931a1e50934eb6eee8bff2f74433ac7909e9afcee04a3"

[[package]]
name = "bitflags"
version = "0.7.0"
source = "registry+https://github.com/rust-lang/crates.io-index"
checksum = "aad18937a628ec6abcd26d1489012cc0e18c21798210f491af69ded9b881106d"

[[package]]
name = "bitflags"
version = "1.0.4"
source = "registry+https://github.com/rust-lang/crates.io-index"
checksum = "228047a76f468627ca71776ecdebd732a3423081fcf5125585bcd7c49886ce12"

[[package]]
name = "blinkt"
version = "0.4.0"
source = "registry+https://github.com/rust-lang/crates.io-index"
checksum = "528e35739a3533fd1662879b2fe8a3b5ce0a6a3c6b229956ec997c414a759914"
dependencies = [
 "quick-error",
 "rppal",
 "spidev",
]

[[package]]
name = "byteorder"
version = "1.2.6"
source = "registry+https://github.com/rust-lang/crates.io-index"
checksum = "90492c5858dd7d2e78691cfb89f90d273a2800fc11d98f60786e5d87e2f83781"

[[package]]
name = "bytes"
version = "0.4.10"
source = "registry+https://github.com/rust-lang/crates.io-index"
checksum = "0ce55bd354b095246fc34caf4e9e242f5297a7fd938b090cadfea6eee614aa62"
dependencies = [
 "byteorder",
 "iovec",
]

[[package]]
name = "cc"
version = "1.0.25"
source = "registry+https://github.com/rust-lang/crates.io-index"
checksum = "f159dfd43363c4d08055a07703eb7a3406b0dac4d0584d96965a3262db3c9d16"

[[package]]
name = "cfg-if"
version = "0.1.5"
source = "registry+https://github.com/rust-lang/crates.io-index"
checksum = "0c4e7bb64a8ebb0d856483e1e682ea3422f883c5f5615a90d51a2c82fe87fdd3"

[[package]]
name = "cloudabi"
version = "0.0.3"
source = "registry+https://github.com/rust-lang/crates.io-index"
checksum = "ddfc5b9aa5d4507acaf872de71051dfd0e309860e88966e1051e462a077aac4f"
dependencies = [
 "bitflags 1.0.4",
]

[[package]]
name = "crossbeam-utils"
version = "0.5.0"
source = "registry+https://github.com/rust-lang/crates.io-index"
checksum = "677d453a17e8bd2b913fa38e8b9cf04bcdbb5be790aa294f2389661d72036015"

[[package]]
name = "ctrlc"
version = "3.1.1"
source = "registry+https://github.com/rust-lang/crates.io-index"
checksum = "630391922b1b893692c6334369ff528dcc3a9d8061ccf4c803aa8f83cb13db5e"
dependencies = [
 "nix 0.11.0",
 "winapi 0.3.6",
]

[[package]]
name = "enum_primitive"
version = "0.1.1"
source = "registry+https://github.com/rust-lang/crates.io-index"
checksum = "be4551092f4d519593039259a9ed8daedf0da12e5109c5280338073eaeb81180"
dependencies = [
 "num-traits 0.1.43",
]

[[package]]
name = "filetime"
version = "0.2.1"
source = "registry+https://github.com/rust-lang/crates.io-index"
checksum = "da4b9849e77b13195302c174324b5ba73eec9b236b24c221a61000daefb95c5f"
dependencies = [
 "cfg-if",
 "libc",
 "redox_syscall",
]

[[package]]
name = "fsevent"
version = "0.2.17"
source = "registry+https://github.com/rust-lang/crates.io-index"
checksum = "c4bbbf71584aeed076100b5665ac14e3d85eeb31fdbb45fbd41ef9a682b5ec05"
dependencies = [
 "bitflags 0.7.0",
 "fsevent-sys",
 "libc",
]

[[package]]
name = "fsevent-sys"
version = "0.1.6"
source = "registry+https://github.com/rust-lang/crates.io-index"
checksum = "1a772d36c338d07a032d5375a36f15f9a7043bf0cb8ce7cee658e037c6032874"
dependencies = [
 "libc",
]

[[package]]
name = "fuchsia-zircon"
version = "0.3.3"
source = "registry+https://github.com/rust-lang/crates.io-index"
checksum = "2e9763c69ebaae630ba35f74888db465e49e259ba1bc0eda7d06f4a067615d82"
dependencies = [
 "bitflags 1.0.4",
 "fuchsia-zircon-sys",
]

[[package]]
name = "fuchsia-zircon-sys"
version = "0.3.3"
source = "registry+https://github.com/rust-lang/crates.io-index"
checksum = "3dcaa9ae7725d12cdb85b3ad99a434db70b468c09ded17e012d86b5c1010f7a7"

[[package]]
name = "futures"
version = "0.1.25"
source = "registry+https://github.com/rust-lang/crates.io-index"
checksum = "49e7653e374fe0d0c12de4250f0bdb60680b8c80eed558c5c7538eec9c89e21b"

[[package]]
name = "inotify"
version = "0.6.1"
source = "registry+https://github.com/rust-lang/crates.io-index"
checksum = "40b54539f3910d6f84fbf9a643efd6e3aa6e4f001426c0329576128255994718"
dependencies = [
 "bitflags 1.0.4",
 "futures",
 "inotify-sys",
 "libc",
 "mio",
 "tokio-io",
 "tokio-reactor",
]

[[package]]
name = "inotify-sys"
version = "0.1.3"
source = "registry+https://github.com/rust-lang/crates.io-index"
checksum = "e74a1aa87c59aeff6ef2cc2fa62d41bc43f54952f55652656b18a02fd5e356c0"
dependencies = [
 "libc",
]

[[package]]
name = "iovec"
version = "0.1.2"
source = "registry+https://github.com/rust-lang/crates.io-index"
checksum = "dbe6e417e7d0975db6512b90796e8ce223145ac4e33c377e4a42882a0e88bb08"
dependencies = [
 "libc",
 "winapi 0.2.8",
]

[[package]]
name = "kernel32-sys"
version = "0.2.2"
source = "registry+https://github.com/rust-lang/crates.io-index"
checksum = "7507624b29483431c0ba2d82aece8ca6cdba9382bff4ddd0f7490560c056098d"
dependencies = [
 "winapi 0.2.8",
 "winapi-build",
]

[[package]]
name = "lazy_static"
version = "1.1.0"
source = "registry+https://github.com/rust-lang/crates.io-index"
checksum = "ca488b89a5657b0a2ecd45b95609b3e848cf1755da332a0da46e2b2b1cb371a7"
dependencies = [
 "version_check",
]

[[package]]
name = "lazycell"
version = "1.2.0"
source = "registry+https://github.com/rust-lang/crates.io-index"
checksum = "ddba4c30a78328befecec92fc94970e53b3ae385827d28620f0f5bb2493081e0"

[[package]]
name = "libc"
version = "0.2.126"
source = "registry+https://github.com/rust-lang/crates.io-index"
checksum = "349d5a591cd28b49e1d1037471617a32ddcda5731b99419008085f72d5a53836"

[[package]]
name = "lock_api"
version = "0.1.4"
source = "registry+https://github.com/rust-lang/crates.io-index"
checksum = "775751a3e69bde4df9b38dd00a1b5d6ac13791e4223d4a0506577f0dd27cfb7a"
dependencies = [
 "owning_ref",
 "scopeguard",
]

[[package]]
name = "log"
version = "0.4.5"
source = "registry+https://github.com/rust-lang/crates.io-index"
checksum = "d4fcce5fa49cc693c312001daf1d13411c4a5283796bac1084299ea3e567113f"
dependencies = [
 "cfg-if",
]

[[package]]
name = "memory_units"
version = "0.3.0"
source = "registry+https://github.com/rust-lang/crates.io-index"
checksum = "71d96e3f3c0b6325d8ccd83c33b28acb183edcb6c67938ba104ec546854b0882"

[[package]]
name = "mio"
version = "0.6.16"
source = "registry+https://github.com/rust-lang/crates.io-index"
checksum = "71646331f2619b1026cc302f87a2b8b648d5c6dd6937846a16cc8ce0f347f432"
dependencies = [
 "fuchsia-zircon",
 "fuchsia-zircon-sys",
 "iovec",
 "kernel32-sys",
 "lazycell",
 "libc",
 "log",
 "miow",
 "net2",
 "slab",
 "winapi 0.2.8",
]

[[package]]
name = "mio-extras"
version = "2.0.5"
source = "registry+https://github.com/rust-lang/crates.io-index"
checksum = "46e73a04c2fa6250b8d802134d56d554a9ec2922bf977777c805ea5def61ce40"
dependencies = [
 "lazycell",
 "log",
 "mio",
 "slab",
]

[[package]]
name = "miow"
version = "0.2.1"
source = "registry+https://github.com/rust-lang/crates.io-index"
checksum = "8c1f2f3b1cf331de6896aabf6e9d55dca90356cc9960cca7eaaf408a355ae919"
dependencies = [
 "kernel32-sys",
 "net2",
 "winapi 0.2.8",
 "ws2_32-sys",
]

[[package]]
name = "nan-preserving-float"
version = "0.1.0"
source = "registry+https://github.com/rust-lang/crates.io-index"
checksum = "34d4f00fcc2f4c9efa8cc971db0da9e28290e28e97af47585e48691ef10ff31f"

[[package]]
name = "net2"
version = "0.2.37"
source = "registry+https://github.com/rust-lang/crates.io-index"
checksum = "391630d12b68002ae1e25e8f974306474966550ad82dac6886fb8910c19568ae"
dependencies = [
 "cfg-if",
 "libc",
 "winapi 0.3.6",
]

[[package]]
name = "nix"
version = "0.6.0"
source = "registry+https://github.com/rust-lang/crates.io-index"
checksum = "7a7bb1da2be7da3cbffda73fc681d509ffd9e665af478d2bee1907cee0bc64b2"
dependencies = [
 "bitflags 0.4.0",
 "cfg-if",
 "libc",
 "rustc_version 0.1.7",
 "semver 0.1.20",
 "void",
]

[[package]]
name = "nix"
version = "0.11.0"
source = "registry+https://github.com/rust-lang/crates.io-index"
checksum = "d37e713a259ff641624b6cb20e3b12b2952313ba36b6823c0f16e6cfd9e5de17"
dependencies = [
 "bitflags 1.0.4",
 "cc",
 "cfg-if",
 "libc",
 "void",
]

[[package]]
name = "notify"
version = "4.0.6"
source = "registry+https://github.com/rust-lang/crates.io-index"
checksum = "873ecfd8c174964ae30f401329d140142312c8e5590719cf1199d5f1717d8078"
dependencies = [
 "bitflags 1.0.4",
 "filetime",
 "fsevent",
 "fsevent-sys",
 "inotify",
 "kernel32-sys",
 "libc",
 "mio",
 "mio-extras",
 "walkdir",
 "winapi 0.3.6",
]

[[package]]
name = "num"
version = "0.1.42"
source = "registry+https://github.com/rust-lang/crates.io-index"
checksum = "4703ad64153382334aa8db57c637364c322d3372e097840c72000dabdcf6156e"
dependencies = [
 "num-integer",
 "num-iter",
 "num-traits 0.2.6",
]

[[package]]
name = "num-integer"
version = "0.1.39"
source = "registry+https://github.com/rust-lang/crates.io-index"
checksum = "e83d528d2677f0518c570baf2b7abdcf0cd2d248860b68507bdcb3e91d4c0cea"
dependencies = [
 "num-traits 0.2.6",
]

[[package]]
name = "num-iter"
version = "0.1.37"
source = "registry+https://github.com/rust-lang/crates.io-index"
checksum = "af3fdbbc3291a5464dc57b03860ec37ca6bf915ed6ee385e7c6c052c422b2124"
dependencies = [
 "num-integer",
 "num-traits 0.2.6",
]

[[package]]
name = "num-traits"
version = "0.1.43"
source = "registry+https://github.com/rust-lang/crates.io-index"
checksum = "92e5113e9fd4cc14ded8e499429f396a20f98c772a47cc8622a736e1ec843c31"
dependencies = [
 "num-traits 0.2.6",
]

[[package]]
name = "num-traits"
version = "0.2.6"
source = "registry+https://github.com/rust-lang/crates.io-index"
checksum = "0b3a5d7cc97d6d30d8b9bc8fa19bf45349ffe46241e8816f50f62f6d6aaabee1"

[[package]]
name = "num_cpus"
version = "1.8.0"
source = "registry+https://github.com/rust-lang/crates.io-index"
checksum = "c51a3322e4bca9d212ad9a158a02abc6934d005490c054a2778df73a70aa0a30"
dependencies = [
 "libc",
]

[[package]]
name = "owning_ref"
version = "0.3.3"
source = "registry+https://github.com/rust-lang/crates.io-index"
checksum = "cdf84f41639e037b484f93433aa3897863b561ed65c6e59c7073d7c561710f37"
dependencies = [
 "stable_deref_trait",
]

[[package]]
name = "parity-wasm"
version = "0.31.3"
source = "registry+https://github.com/rust-lang/crates.io-index"
checksum = "511379a8194230c2395d2f5fa627a5a7e108a9f976656ce723ae68fca4097bfc"
dependencies = [
 "byteorder",
]

[[package]]
name = "parking_lot"
version = "0.6.4"
source = "registry+https://github.com/rust-lang/crates.io-index"
checksum = "f0802bff09003b291ba756dc7e79313e51cc31667e94afbe847def490424cde5"
dependencies = [
 "lock_api",
 "parking_lot_core",
]

[[package]]
name = "parking_lot_core"
version = "0.3.1"
source = "registry+https://github.com/rust-lang/crates.io-index"
checksum = "ad7f7e6ebdc79edff6fdcb87a55b620174f7a989e3eb31b65231f4af57f00b8c"
dependencies = [
 "libc",
 "rand",
 "rustc_version 0.2.3",
 "smallvec",
 "winapi 0.3.6",
]

[[package]]
name = "pihost"
version = "0.1.0"
dependencies = [
 "blinkt",
 "ctrlc",
 "notify",
 "wasmi",
]

[[package]]
name = "quick-error"
version = "1.2.2"
source = "registry+https://github.com/rust-lang/crates.io-index"
checksum = "9274b940887ce9addde99c4eee6b5c44cc494b182b97e73dc8ffdcb3397fd3f0"

[[package]]
name = "rand"
version = "0.5.5"
source = "registry+https://github.com/rust-lang/crates.io-index"
checksum = "e464cd887e869cddcae8792a4ee31d23c7edd516700695608f5b98c67ee0131c"
dependencies = [
 "cloudabi",
 "fuchsia-zircon",
 "libc",
 "rand_core 0.2.2",
 "winapi 0.3.6",
]

[[package]]
name = "rand_core"
version = "0.2.2"
source = "registry+https://github.com/rust-lang/crates.io-index"
checksum = "1961a422c4d189dfb50ffa9320bf1f2a9bd54ecb92792fb9477f99a1045f3372"
dependencies = [
 "rand_core 0.3.0",
]

[[package]]
name = "rand_core"
version = "0.3.0"
source = "registry+https://github.com/rust-lang/crates.io-index"
checksum = "0905b6b7079ec73b314d4c748701f6931eb79fd97c668caa3f1899b22b32c6db"

[[package]]
name = "redox_syscall"
version = "0.1.40"
source = "registry+https://github.com/rust-lang/crates.io-index"
checksum = "c214e91d3ecf43e9a4e41e578973adeb14b474f2bee858742d127af75a0112b1"

[[package]]
name = "rppal"
version = "0.4.0"
source = "registry+https://github.com/rust-lang/crates.io-index"
checksum = "42231371e76d8f188b158a22edc512c1ac08b63c871a5125416840497fea0cff"
dependencies = [
 "enum_primitive",
 "libc",
 "num",
 "quick-error",
]

[[package]]
name = "rustc_version"
version = "0.1.7"
source = "registry+https://github.com/rust-lang/crates.io-index"
checksum = "c5f5376ea5e30ce23c03eb77cbe4962b988deead10910c372b226388b594c084"
dependencies = [
 "semver 0.1.20",
]

[[package]]
name = "rustc_version"
version = "0.2.3"
source = "registry+https://github.com/rust-lang/crates.io-index"
checksum = "138e3e0acb6c9fb258b19b67cb8abd63c00679d2851805ea151465464fe9030a"
dependencies = [
 "semver 0.9.0",
]

[[package]]
name = "same-file"
version = "1.0.3"
source = "registry+https://github.com/rust-lang/crates.io-index"
checksum = "10f7794e2fda7f594866840e95f5c5962e886e228e68b6505885811a94dd728c"
dependencies = [
 "winapi-util",
]

[[package]]
name = "scopeguard"
version = "0.3.3"
source = "registry+https://github.com/rust-lang/crates.io-index"
checksum = "94258f53601af11e6a49f722422f6e3425c52b06245a5cf9bc09908b174f5e27"

[[package]]
name = "semver"
version = "0.1.20"
source = "registry+https://github.com/rust-lang/crates.io-index"
checksum = "d4f410fedcf71af0345d7607d246e7ad15faaadd49d240ee3b24e5dc21a820ac"

[[package]]
name = "semver"
version = "0.9.0"
source = "registry+https://github.com/rust-lang/crates.io-index"
checksum = "1d7eb9ef2c18661902cc47e535f9bc51b78acd254da71d375c2f6720d9a40403"
dependencies = [
 "semver-parser",
]

[[package]]
name = "semver-parser"
version = "0.7.0"
source = "registry+https://github.com/rust-lang/crates.io-index"
checksum = "388a1df253eca08550bef6c72392cfe7c30914bf41df5269b68cbd6ff8f570a3"

[[package]]
name = "slab"
version = "0.4.1"
source = "registry+https://github.com/rust-lang/crates.io-index"
checksum = "5f9776d6b986f77b35c6cf846c11ad986ff128fe0b2b63a3628e3755e8d3102d"

[[package]]
name = "smallvec"
version = "0.6.5"
source = "registry+https://github.com/rust-lang/crates.io-index"
checksum = "153ffa32fd170e9944f7e0838edf824a754ec4c1fc64746fcc9fe1f8fa602e5d"
dependencies = [
 "unreachable",
]

[[package]]
name = "spidev"
version = "0.3.0"
source = "registry+https://github.com/rust-lang/crates.io-index"
checksum = "1ba01d3ef92a37e898fecac76cd3e1b33c999395e2d70787608d9678c4293e04"
dependencies = [
 "bitflags 0.3.3",
 "libc",
 "nix 0.6.0",
]

[[package]]
name = "stable_deref_trait"
version = "1.1.1"
source = "registry+https://github.com/rust-lang/crates.io-index"
checksum = "dba1a27d3efae4351c8051072d619e3ade2820635c3958d826bfea39d59b54c8"

[[package]]
name = "tokio-executor"
version = "0.1.5"
source = "registry+https://github.com/rust-lang/crates.io-index"
checksum = "c117b6cf86bb730aab4834f10df96e4dd586eff2c3c27d3781348da49e255bde"
dependencies = [
 "futures",
]

[[package]]
name = "tokio-io"
version = "0.1.9"
source = "registry+https://github.com/rust-lang/crates.io-index"
checksum = "8b8a85fffbec3c5ab1ab62324570230dcd37ee5996a7859da5caf7b9d45e3e8c"
dependencies = [
 "bytes",
 "futures",
 "log",
]

[[package]]
name = "tokio-reactor"
version = "0.1.6"
source = "registry+https://github.com/rust-lang/crates.io-index"
checksum = "4b26fd37f1125738b2170c80b551f69ff6fecb277e6e5ca885e53eec2b005018"
dependencies = [
 "crossbeam-utils",
 "futures",
 "lazy_static",
 "log",
 "mio",
 "num_cpus",
 "parking_lot",
 "slab",
 "tokio-executor",
 "tokio-io",
]

[[package]]
name = "unreachable"
version = "1.0.0"
source = "registry+https://github.com/rust-lang/crates.io-index"
checksum = "382810877fe448991dfc7f0dd6e3ae5d58088fd0ea5e35189655f84e6814fa56"
dependencies = [
 "void",
]

[[package]]
name = "version_check"
version = "0.1.5"
source = "registry+https://github.com/rust-lang/crates.io-index"
checksum = "914b1a6776c4c929a602fafd8bc742e06365d4bcbe48c30f9cca5824f70dc9dd"

[[package]]
name = "void"
version = "1.0.2"
source = "registry+https://github.com/rust-lang/crates.io-index"
checksum = "6a02e4885ed3bc0f2de90ea6dd45ebcbb66dacffe03547fadbb0eeae2770887d"

[[package]]
name = "walkdir"
version = "2.2.5"
source = "registry+https://github.com/rust-lang/crates.io-index"
checksum = "af464bc7be7b785c7ac72e266a6b67c4c9070155606f51655a650a6686204e35"
dependencies = [
 "same-file",
 "winapi 0.3.6",
 "winapi-util",
]

[[package]]
name = "wasmi"
version = "0.4.1"
source = "registry+https://github.com/rust-lang/crates.io-index"
checksum = "d184c4b7081f30316f74f8d73c197314dcb56ea7af9323522b42a2fa9cb19453"
dependencies = [
 "byteorder",
 "memory_units",
 "nan-preserving-float",
 "parity-wasm",
]

[[package]]
name = "winapi"
version = "0.2.8"
source = "registry+https://github.com/rust-lang/crates.io-index"
checksum = "167dc9d6949a9b857f3451275e911c3f44255842c1f7a76f33c55103a909087a"

[[package]]
name = "winapi"
version = "0.3.6"
source = "registry+https://github.com/rust-lang/crates.io-index"
checksum = "92c1eb33641e276cfa214a0522acad57be5c56b10cb348b3c5117db75f3ac4b0"
dependencies = [
 "winapi-i686-pc-windows-gnu",
 "winapi-x86_64-pc-windows-gnu",
]

[[package]]
name = "winapi-build"
version = "0.1.1"
source = "registry+https://github.com/rust-lang/crates.io-index"
checksum = "2d315eee3b34aca4797b2da6b13ed88266e6d612562a0c46390af8299fc699bc"

[[package]]
name = "winapi-i686-pc-windows-gnu"
version = "0.4.0"
source = "registry+https://github.com/rust-lang/crates.io-index"
checksum = "ac3b87c63620426dd9b991e5ce0329eff545bccbbb34f3be09ff6fb6ab51b7b6"

[[package]]
name = "winapi-util"
version = "0.1.1"
source = "registry+https://github.com/rust-lang/crates.io-index"
checksum = "afc5508759c5bf4285e61feb862b6083c8480aec864fa17a81fdec6f69b461ab"
dependencies = [
 "winapi 0.3.6",
]

[[package]]
name = "winapi-x86_64-pc-windows-gnu"
version = "0.4.0"
source = "registry+https://github.com/rust-lang/crates.io-index"
checksum = "712e227841d057c1ee1cd2fb22fa7e5a5461ae8e48fa2ca79ec42cfc1931183f"

[[package]]
name = "ws2_32-sys"
version = "0.2.1"
source = "registry+https://github.com/rust-lang/crates.io-index"
checksum = "d59cefebd0c892fa2dd6de581e937301d8552cb44489cdff035c6187cb63fa5e"
dependencies = [
 "winapi 0.2.8",
 "winapi-build",
]
